
Microsoft Visual Studio Solution File, Format Version 12.00
# Visual Studio 14
VisualStudioVersion = 14.0.23107.0
MinimumVisualStudioVersion = 10.0.40219.1
Project("{FAE04EC0-301F-11D3-BF4B-00C04F79EFBC}") = "StrixIT.Platform.Modules.Logging", "StrixIT.Platform.Modules.Logging\StrixIT.Platform.Modules.Logging.csproj", "{F6795B76-A80A-4528-A7DF-A4194BA10041}"
EndProject
Project("{FAE04EC0-301F-11D3-BF4B-00C04F79EFBC}") = "StrixIT.Platform.Modules.Logging.Tests", "StrixIT.Platform.Modules.Logging.Tests\StrixIT.Platform.Modules.Logging.Tests.csproj", "{30265924-8DB8-4F06-9B4B-6B3C024A2D94}"
EndProject
Project("{FAE04EC0-301F-11D3-BF4B-00C04F79EFBC}") = "StrixIT.Platform.Modules.Logging.WebClient", "StrixIT.Platform.Modules.Logging.WebClient\StrixIT.Platform.Modules.Logging.WebClient.csproj", "{589131D5-B87F-4D5F-8EEC-C2E3EBF61ECE}"
EndProject
Global
	GlobalSection(SolutionConfigurationPlatforms) = preSolution
		Debug|Any CPU = Debug|Any CPU
		Release|Any CPU = Release|Any CPU
		Test|Any CPU = Test|Any CPU
	EndGlobalSection
	GlobalSection(ProjectConfigurationPlatforms) = postSolution
		{F6795B76-A80A-4528-A7DF-A4194BA10041}.Debug|Any CPU.ActiveCfg = Debug|Any CPU
		{F6795B76-A80A-4528-A7DF-A4194BA10041}.Debug|Any CPU.Build.0 = Debug|Any CPU
		{F6795B76-A80A-4528-A7DF-A4194BA10041}.Release|Any CPU.ActiveCfg = Release|Any CPU
		{F6795B76-A80A-4528-A7DF-A4194BA10041}.Release|Any CPU.Build.0 = Release|Any CPU
		{F6795B76-A80A-4528-A7DF-A4194BA10041}.Test|Any CPU.ActiveCfg = Release|Any CPU
		{F6795B76-A80A-4528-A7DF-A4194BA10041}.Test|Any CPU.Build.0 = Release|Any CPU
		{30265924-8DB8-4F06-9B4B-6B3C024A2D94}.Debug|Any CPU.ActiveCfg = Debug|Any CPU
		{30265924-8DB8-4F06-9B4B-6B3C024A2D94}.Debug|Any CPU.Build.0 = Debug|Any CPU
		{30265924-8DB8-4F06-9B4B-6B3C024A2D94}.Release|Any CPU.ActiveCfg = Release|Any CPU
		{30265924-8DB8-4F06-9B4B-6B3C024A2D94}.Release|Any CPU.Build.0 = Release|Any CPU
		{30265924-8DB8-4F06-9B4B-6B3C024A2D94}.Test|Any CPU.ActiveCfg = Release|Any CPU
		{30265924-8DB8-4F06-9B4B-6B3C024A2D94}.Test|Any CPU.Build.0 = Release|Any CPU
		{589131D5-B87F-4D5F-8EEC-C2E3EBF61ECE}.Debug|Any CPU.ActiveCfg = Debug|Any CPU
		{589131D5-B87F-4D5F-8EEC-C2E3EBF61ECE}.Debug|Any CPU.Build.0 = Debug|Any CPU
		{589131D5-B87F-4D5F-8EEC-C2E3EBF61ECE}.Release|Any CPU.ActiveCfg = Release|Any CPU
		{589131D5-B87F-4D5F-8EEC-C2E3EBF61ECE}.Release|Any CPU.Build.0 = Release|Any CPU
		{589131D5-B87F-4D5F-8EEC-C2E3EBF61ECE}.Test|Any CPU.ActiveCfg = Test|Any CPU
		{589131D5-B87F-4D5F-8EEC-C2E3EBF61ECE}.Test|Any CPU.Build.0 = Test|Any CPU
	EndGlobalSection
	GlobalSection(SolutionProperties) = preSolution
		HideSolutionNode = FALSE
	EndGlobalSection
EndGlobal
